
Microsoft Visual Studio Solution File, Format Version 12.00
# Visual Studio Version 17
VisualStudioVersion = 17.1.32414.318
MinimumVisualStudioVersion = 10.0.40219.1
Project("{9A19103F-16F7-4668-BE54-9A1E7A4F7556}") = "BooruDownloader", "BooruDownloader\BooruDownloader.csproj", "{95DCDAEE-2CA0-48B0-8BC7-E6B425165558}"
EndProject
Global
	GlobalSection(SolutionConfigurationPlatforms) = preSolution
		Debug|Any CPU = Debug|Any CPU
		Release|Any CPU = Release|Any CPU
	EndGlobalSection
	GlobalSection(ProjectConfigurationPlatforms) = postSolution
		{95DCDAEE-2CA0-48B0-8BC7-E6B425165558}.Debug|Any CPU.ActiveCfg = Debug|Any CPU
		{95DCDAEE-2CA0-48B0-8BC7-E6B425165558}.Debug|Any CPU.Build.0 = Debug|Any CPU
		{95DCDAEE-2CA0-48B0-8BC7-E6B425165558}.Release|Any CPU.ActiveCfg = Release|Any CPU
		{95DCDAEE-2CA0-48B0-8BC7-E6B425165558}.Release|Any CPU.Build.0 = Release|Any CPU
	EndGlobalSection
	GlobalSection(SolutionProperties) = preSolution
		HideSolutionNode = FALSE
	EndGlobalSection
	GlobalSection(ExtensibilityGlobals) = postSolution
		SolutionGuid = {017C3B8B-84B6-439A-B5ED-9A2CFCE004C6}
	EndGlobalSection
EndGlobal
